Microsoft Visual Studio Solution File, Format Version 12.00
# Visual Studio 14
VisualStudioVersion = 14.0.25420.1
MinimumVisualStudioVersion = 10.0.40219.1
Project("{F184B08F-C81C-45F6-A57F-5ABD9991F28F}") = "AddRadioButtonField", "AddRadioButtonField\AddRadioButtonField.vbproj", "{615CBC03-E2B5-4D38-855C-158D8DB13FBD}"
EndProject
Global
	GlobalSection(SolutionConfigurationPlatforms) = preSolution
		Debug|Any CPU = Debug|Any CPU
		Release|Any CPU = Release|Any CPU
	EndGlobalSection
	GlobalSection(ProjectConfigurationPlatforms) = postSolution
		{615CBC03-E2B5-4D38-855C-158D8DB13FBD}.Debug|Any CPU.ActiveCfg = Debug|Any CPU
		{615CBC03-E2B5-4D38-855C-158D8DB13FBD}.Debug|Any CPU.Build.0 = Debug|Any CPU
		{615CBC03-E2B5-4D38-855C-158D8DB13FBD}.Release|Any CPU.ActiveCfg = Release|Any CPU
		{615CBC03-E2B5-4D38-855C-158D8DB13FBD}.Release|Any CPU.Build.0 = Release|Any CPU
	EndGlobalSection
	GlobalSection(SolutionProperties) = preSolution
		HideSolutionNode = FALSE
	EndGlobalSection
EndGlobal
